<Solution>
  <Folder Name="/src/">
    <Project Path="AzuriteBlobDemo.API/AzuriteBlobDemo.API.csproj" />
    <Project Path="AzuriteBlobDemo.Core/AzuriteBlobDemo.Core.csproj" />
    <Project Path="AzuriteBlobDemo.Infrastructure/AzuriteBlobDemo.Infrastructure.csproj" />
  </Folder>
  <Folder Name="/tests/" />
  <Folder Name="/tests/UnitTests/">
    <Project Path="AzuriteBlobDemo.Infrastructure.UnitTests/AzuriteBlobDemo.Infrastructure.UnitTests.csproj" />
  </Folder>
</Solution>
